<?xml version="1.0" encoding="utf-8"?>
<Project ToolsVersion="4.0" xmlns="http://schemas.microsoft.com/developer/msbuild/2003">
  <ItemGroup>
    <Filter Include="Source Files">
      <UniqueIdentifier>{4FC737F1-C7A5-4376-A066-2A32D752A2FF}</UniqueIdentifier>
      <Extensions>cpp;c;cc;cxx;def;odl;idl;hpj;bat;asm;asmx</Extensions>
    </Filter>
    <Filter Include="Header Files">
      <UniqueIdentifier>{93995380-89BD-4b04-88EB-625FBE52EBFB}</UniqueIdentifier>
      <Extensions>h;hh;hpp;hxx;hm;inl;inc;xsd</Extensions>
    </Filter>
    <Filter Include="Resource Files">
      <UniqueIdentifier>{67DA6AB6-F800-4c08-8B7A-83BB121AAD01}</UniqueIdentifier>
      <Extensions>rc;ico;cur;bmp;dlg;rc2;rct;bin;rgs;gif;jpg;jpeg;jpe;resx;tiff;tif;png;wav;mfcribbon-ms</Extensions>
    </Filter>
  </ItemGroup>
  <ItemGroup>
    <None Include="Libs\SPFD5408\examples\adafruit_originals\graphicstest\graphicstest.pde" />
    <None Include="Libs\SPFD5408\examples\adafruit_originals\rotationtest\rotationtest.pde" />
    <None Include="Libs\SPFD5408\examples\adafruit_originals\tftbmp\tftbmp.pde" />
    <None Include="Libs\SPFD5408\examples\adafruit_originals\tftbmp_shield\tftbmp_shield.pde" />
    <None Include="Libs\SPFD5408\examples\adafruit_originals\tftpaint\tftpaint.ino" />
    <None Include="Libs\SPFD5408\examples\adafruit_originals\tftpaint\tftpaint.pde" />
    <None Include="Libs\SPFD5408\examples\adafruit_originals\tftpaint_shield\tftpaint_shield.ino" />
    <None Include="Libs\SPFD5408\examples\adafruit_originals\tftpaint_shield\tftpaint_shield.pde" />
    <None Include="Libs\SPFD5408\examples\spfd5408_calibrate\spfd5408_calibrate.ino" />
    <None Include="Libs\SPFD5408\examples\spfd5408_graphicstest\spfd5408_graphicstest.ino" />
    <None Include="Libs\SPFD5408\examples\spfd5408_rotationtest\spfd5408_rotationtest.ino" />
    <None Include="Libs\SPFD5408\examples\spfd5408_tftbmp\spfd5408_tftbmp.ino" />
    <None Include="Libs\SPFD5408\examples\spfd5408_tftpaint\spfd5408_tftpaint.ino" />
    <None Include="Sketch\Libs\SPFD5408\examples\adafruit_originals\graphicstest\graphicstest.pde" />
    <None Include="Sketch\Libs\SPFD5408\examples\adafruit_originals\rotationtest\rotationtest.pde" />
    <None Include="Sketch\Libs\SPFD5408\examples\adafruit_originals\tftbmp\tftbmp.pde" />
    <None Include="Sketch\Libs\SPFD5408\examples\adafruit_originals\tftbmp_shield\tftbmp_shield.pde" />
    <None Include="Sketch\Libs\SPFD5408\examples\adafruit_originals\tftpaint\tftpaint.ino" />
    <None Include="Sketch\Libs\SPFD5408\examples\adafruit_originals\tftpaint\tftpaint.pde" />
    <None Include="Sketch\Libs\SPFD5408\examples\adafruit_originals\tftpaint_shield\tftpaint_shield.ino" />
    <None Include="Sketch\Libs\SPFD5408\examples\adafruit_originals\tftpaint_shield\tftpaint_shield.pde" />
    <None Include="Sketch\Libs\SPFD5408\examples\spfd5408_calibrate\spfd5408_calibrate.ino" />
    <None Include="Sketch\Libs\SPFD5408\examples\spfd5408_graphicstest\spfd5408_graphicstest.ino" />
    <None Include="Sketch\Libs\SPFD5408\examples\spfd5408_rotationtest\spfd5408_rotationtest.ino" />
    <None Include="Sketch\Libs\SPFD5408\examples\spfd5408_tftbmp\spfd5408_tftbmp.ino" />
    <None Include="Sketch\Libs\SPFD5408\examples\spfd5408_tftpaint\spfd5408_tftpaint.ino" />
    <None Include="Sketch\spfd5408_tftpaint.ino.bak" />
    <None Include="Sketch\spfd5408_calibrate\spfd5408_calibrate.ino" />
    <None Include="Sketch\spfd5408_graphicstest\spfd5408_graphicstest.ino" />
    <None Include="Sketch\spfd5408_rotationtest\spfd5408_rotationtest.ino" />
    <None Include="Sketch\spfd5408_tftpaint\spfd5408_tftpaint.ino" />
    <None Include="Sketch\Sketch.ino.bak" />
    <None Include="Sketch\Sketch.ino" />
  </ItemGroup>
  <ItemGroup>
    <ClInclude Include="Sketch\VSPDE.h">
      <Filter>Header Files</Filter>
    </ClInclude>
    <ClInclude Include="Libs\SPFD5408\pin_magic.h">
      <Filter>Header Files</Filter>
    </ClInclude>
    <ClInclude Include="Libs\SPFD5408\registers.h">
      <Filter>Header Files</Filter>
    </ClInclude>
    <ClInclude Include="Libs\SPFD5408\SPFD5408_Adafruit_GFX.h">
      <Filter>Header Files</Filter>
    </ClInclude>
    <ClInclude Include="Libs\SPFD5408\SPFD5408_Adafruit_TFTLCD.h">
      <Filter>Header Files</Filter>
    </ClInclude>
    <ClInclude Include="Libs\SPFD5408\SPFD5408_TouchScreen.h">
      <Filter>Header Files</Filter>
    </ClInclude>
    <ClInclude Include="Sketch\Libs\SPFD5408\pin_magic.h">
      <Filter>Header Files</Filter>
    </ClInclude>
    <ClInclude Include="Sketch\Libs\SPFD5408\registers.h">
      <Filter>Header Files</Filter>
    </ClInclude>
    <ClInclude Include="Sketch\Libs\SPFD5408\SPFD5408_Adafruit_GFX.h">
      <Filter>Header Files</Filter>
    </ClInclude>
    <ClInclude Include="Sketch\Libs\SPFD5408\SPFD5408_Adafruit_TFTLCD.h">
      <Filter>Header Files</Filter>
    </ClInclude>
    <ClInclude Include="Sketch\Libs\SPFD5408\SPFD5408_TouchScreen.h">
      <Filter>Header Files</Filter>
    </ClInclude>
  </ItemGroup>
  <ItemGroup>
    <ClCompile Include="Sketch\VSPDECPP.cpp">
      <Filter>Source Files</Filter>
    </ClCompile>
    <ClCompile Include="Libs\SPFD5408\examples\adafruit_originals\tftpaint_shield\glcdfont.c">
      <Filter>Source Files</Filter>
    </ClCompile>
    <ClCompile Include="Libs\SPFD5408\glcdfont.c">
      <Filter>Source Files</Filter>
    </ClCompile>
    <ClCompile Include="Libs\SPFD5408\SPFD5408_Adafruit_GFX.cpp">
      <Filter>Source Files</Filter>
    </ClCompile>
    <ClCompile Include="Libs\SPFD5408\SPFD5408_Adafruit_TFTLCD.cpp">
      <Filter>Source Files</Filter>
    </ClCompile>
    <ClCompile Include="Libs\SPFD5408\SPFD5408_TouchScreen.cpp">
      <Filter>Source Files</Filter>
    </ClCompile>
    <ClCompile Include="Sketch\Libs\SPFD5408\examples\adafruit_originals\tftpaint_shield\glcdfont.c">
      <Filter>Source Files</Filter>
    </ClCompile>
    <ClCompile Include="Sketch\Libs\SPFD5408\glcdfont.c">
      <Filter>Source Files</Filter>
    </ClCompile>
    <ClCompile Include="Sketch\Libs\SPFD5408\SPFD5408_Adafruit_GFX.cpp">
      <Filter>Source Files</Filter>
    </ClCompile>
    <ClCompile Include="Sketch\Libs\SPFD5408\SPFD5408_Adafruit_TFTLCD.cpp">
      <Filter>Source Files</Filter>
    </ClCompile>
    <ClCompile Include="Sketch\Libs\SPFD5408\SPFD5408_TouchScreen.cpp">
      <Filter>Source Files</Filter>
    </ClCompile>
  </ItemGroup>
</Project>